
Microsoft Visual Studio Solution File, Format Version 12.00
# Visual Studio Version 17
VisualStudioVersion = 17.5.33502.453
MinimumVisualStudioVersion = 10.0.40219.1
Project("{FAE04EC0-301F-11D3-BF4B-00C04F79EFBC}") = "MagicNumbersSimulation", "MagicNumbersSimulation.csproj", "{AF7185C6-554E-4F15-9582-59452AAC8F55}"
EndProject
Global
	GlobalSection(SolutionConfigurationPlatforms) = preSolution
		Debug|Any CPU = Debug|Any CPU
		Release|Any CPU = Release|Any CPU
	EndGlobalSection
	GlobalSection(ProjectConfigurationPlatforms) = postSolution
		{AF7185C6-554E-4F15-9582-59452AAC8F55}.Debug|Any CPU.ActiveCfg = Debug|Any CPU
		{AF7185C6-554E-4F15-9582-59452AAC8F55}.Debug|Any CPU.Build.0 = Debug|Any CPU
		{AF7185C6-554E-4F15-9582-59452AAC8F55}.Release|Any CPU.ActiveCfg = Release|Any CPU
		{AF7185C6-554E-4F15-9582-59452AAC8F55}.Release|Any CPU.Build.0 = Release|Any CPU
	EndGlobalSection
	GlobalSection(SolutionProperties) = preSolution
		HideSolutionNode = FALSE
	EndGlobalSection
	GlobalSection(ExtensibilityGlobals) = postSolution
		SolutionGuid = {C857227B-BFED-4CEB-9E00-A8B13DBC0C9A}
	EndGlobalSection
EndGlobal
